<Solution>
  <Configurations>
    <Platform Name="x64" />
    <Platform Name="x86" />
  </Configurations>
  <Project Path="CPhysics/CPhysics.vcxproj" Id="11fb468f-ff1a-4d85-abfd-2c95fda90c73" />
  <Project Path="Game/Game.vcxproj" Id="8e820cab-55a6-4437-be74-6e3794eb4222">
    <BuildDependency Project="CPhysics/CPhysics.vcxproj" />
  </Project>
</Solution>
